
Microsoft Visual Studio Solution File, Format Version 12.00
# Visual Studio 15
VisualStudioVersion = 15.0.28307.438
MinimumVisualStudioVersion = 10.0.40219.1
Project("{8BC9CEB8-8B4A-11D0-8D11-00A0C91BC942}") = "t24", "t24\t24.vcxproj", "{FC992711-BA44-418D-9BFA-ED9F182F8FEF}"
EndProject
Global
	GlobalSection(SolutionConfigurationPlatforms) = preSolution
		Debug|x64 = Debug|x64
		Debug|x86 = Debug|x86
		Release|x64 = Release|x64
		Release|x86 = Release|x86
	EndGlobalSection
	GlobalSection(ProjectConfigurationPlatforms) = postSolution
		{FC992711-BA44-418D-9BFA-ED9F182F8FEF}.Debug|x64.ActiveCfg = Debug|x64
		{FC992711-BA44-418D-9BFA-ED9F182F8FEF}.Debug|x64.Build.0 = Debug|x64
		{FC992711-BA44-418D-9BFA-ED9F182F8FEF}.Debug|x86.ActiveCfg = Debug|Win32
		{FC992711-BA44-418D-9BFA-ED9F182F8FEF}.Debug|x86.Build.0 = Debug|Win32
		{FC992711-BA44-418D-9BFA-ED9F182F8FEF}.Release|x64.ActiveCfg = Release|x64
		{FC992711-BA44-418D-9BFA-ED9F182F8FEF}.Release|x64.Build.0 = Release|x64
		{FC992711-BA44-418D-9BFA-ED9F182F8FEF}.Release|x86.ActiveCfg = Release|Win32
		{FC992711-BA44-418D-9BFA-ED9F182F8FEF}.Release|x86.Build.0 = Release|Win32
	EndGlobalSection
	GlobalSection(SolutionProperties) = preSolution
		HideSolutionNode = FALSE
	EndGlobalSection
	GlobalSection(ExtensibilityGlobals) = postSolution
		SolutionGuid = {F26B34E6-818B-4553-89CF-FC85807979AD}
	EndGlobalSection
EndGlobal
