
Microsoft Visual Studio Solution File, Format Version 12.00
# Visual Studio 15
VisualStudioVersion = 15.0.28307.438
MinimumVisualStudioVersion = 10.0.40219.1
Project("{8BC9CEB8-8B4A-11D0-8D11-00A0C91BC942}") = "t16", "t16\t16.vcxproj", "{194D1DC2-5CF0-4F3A-A946-0A9B52A1936F}"
EndProject
Global
	GlobalSection(SolutionConfigurationPlatforms) = preSolution
		Debug|x64 = Debug|x64
		Debug|x86 = Debug|x86
		Release|x64 = Release|x64
		Release|x86 = Release|x86
	EndGlobalSection
	GlobalSection(ProjectConfigurationPlatforms) = postSolution
		{194D1DC2-5CF0-4F3A-A946-0A9B52A1936F}.Debug|x64.ActiveCfg = Debug|x64
		{194D1DC2-5CF0-4F3A-A946-0A9B52A1936F}.Debug|x64.Build.0 = Debug|x64
		{194D1DC2-5CF0-4F3A-A946-0A9B52A1936F}.Debug|x86.ActiveCfg = Debug|Win32
		{194D1DC2-5CF0-4F3A-A946-0A9B52A1936F}.Debug|x86.Build.0 = Debug|Win32
		{194D1DC2-5CF0-4F3A-A946-0A9B52A1936F}.Release|x64.ActiveCfg = Release|x64
		{194D1DC2-5CF0-4F3A-A946-0A9B52A1936F}.Release|x64.Build.0 = Release|x64
		{194D1DC2-5CF0-4F3A-A946-0A9B52A1936F}.Release|x86.ActiveCfg = Release|Win32
		{194D1DC2-5CF0-4F3A-A946-0A9B52A1936F}.Release|x86.Build.0 = Release|Win32
	EndGlobalSection
	GlobalSection(SolutionProperties) = preSolution
		HideSolutionNode = FALSE
	EndGlobalSection
	GlobalSection(ExtensibilityGlobals) = postSolution
		SolutionGuid = {86536C2D-8C4B-483E-A6B9-0970AF29BD91}
	EndGlobalSection
EndGlobal
